
Microsoft Visual Studio Solution File, Format Version 12.00
# Visual Studio Version 16
VisualStudioVersion = 16.0.32126.315
MinimumVisualStudioVersion = 10.0.40219.1
Project("{FAE04EC0-301F-11D3-BF4B-00C04F79EFBC}") = "AzureVMHost_DF011", "AzureVMHost_DF011\AzureVMHost_DF011.csproj", "{EB2531FA-6859-40DA-8ECE-058D468FFEEF}"
EndProject
Global
	GlobalSection(SolutionConfigurationPlatforms) = preSolution
		Debug|Any CPU = Debug|Any CPU
		Release|Any CPU = Release|Any CPU
	EndGlobalSection
	GlobalSection(ProjectConfigurationPlatforms) = postSolution
		{EB2531FA-6859-40DA-8ECE-058D468FFEEF}.Debug|Any CPU.ActiveCfg = Debug|Any CPU
		{EB2531FA-6859-40DA-8ECE-058D468FFEEF}.Debug|Any CPU.Build.0 = Debug|Any CPU
		{EB2531FA-6859-40DA-8ECE-058D468FFEEF}.Release|Any CPU.ActiveCfg = Release|Any CPU
		{EB2531FA-6859-40DA-8ECE-058D468FFEEF}.Release|Any CPU.Build.0 = Release|Any CPU
	EndGlobalSection
	GlobalSection(SolutionProperties) = preSolution
		HideSolutionNode = FALSE
	EndGlobalSection
	GlobalSection(ExtensibilityGlobals) = postSolution
		SolutionGuid = {6ED0B7E0-6B42-4A64-819A-F4AEDF3DF51A}
	EndGlobalSection
EndGlobal
